// !$*UTF8*$!
{
	archiveVersion = 1;
	classes = {
	};
	objectVersion = 46;
	objects = {

/* Begin PBXBuildFile section */
		595CC4581EE0549C00FDD9F2 /* AppDelegate.swift in Sources */ = {isa = PBXBuildFile; fileRef = 595CC4571EE0549C00FDD9F2 /* AppDelegate.swift */; };
		595CC45A1EE0549C00FDD9F2 /* ViewController.swift in Sources */ = {isa = PBXBuildFile; fileRef = 595CC4591EE0549C00FDD9F2 /* ViewController.swift */; };
		595CC45D1EE0549C00FDD9F2 /* Main.storyboard in Resources */ = {isa = PBXBuildFile; fileRef = 595CC45B1EE0549C00FDD9F2 /* Main.storyboard */; };
		595CC4601EE0549C00FDD9F2 /* TipCalculator_13110121.xcdatamodeld in Sources */ = {isa = PBXBuildFile; fileRef = 595CC45E1EE0549C00FDD9F2 /* TipCalculator_13110121.xcdatamodeld */; };
		595CC4621EE0549D00FDD9F2 /* Assets.xcassets in Resources */ = {isa = PBXBuildFile; fileRef = 595CC4611EE0549D00FDD9F2 /* Assets.xcassets */; };
		595CC4651EE0549D00FDD9F2 /* LaunchScreen.storyboard in Resources */ = {isa = PBXBuildFile; fileRef = 595CC4631EE0549D00FDD9F2 /* LaunchScreen.storyboard */; };
		595CC4701EE0549E00FDD9F2 /* TipCalculator_13110121Tests.swift in Sources */ = {isa = PBXBuildFile; fileRef = 595CC46F1EE0549E00FDD9F2 /* TipCalculator_13110121Tests.swift */; };
		595CC47B1EE0549E00FDD9F2 /* TipCalculator_13110121UITests.swift in Sources */ = {isa = PBXBuildFile; fileRef = 595CC47A1EE0549E00FDD9F2 /* TipCalculator_13110121UITests.swift */; };
/* End PBXBuildFile section */

/* Begin PBXContainerItemProxy section */
		595CC46C1EE0549E00FDD9F2 /* PBXContainerItemProxy */ = {
			isa = PBXContainerItemProxy;
			containerPortal = 595CC44C1EE0549C00FDD9F2 /* Project object */;
			proxyType = 1;
			remoteGlobalIDString = 595CC4531EE0549C00FDD9F2;
			remoteInfo = TipCalculator_13110121;
		};
		595CC4771EE0549E00FDD9F2 /* PBXContainerItemProxy */ = {
			isa = PBXContainerItemProxy;
			containerPortal = 595CC44C1EE0549C00FDD9F2 /* Project object */;
			proxyType = 1;
			remoteGlobalIDString = 595CC4531EE0549C00FDD9F2;
			remoteInfo = TipCalculator_13110121;
		};
/* End PBXContainerItemProxy section */

/* Begin PBXFileReference section */
		595CC4541EE0549C00FDD9F2 /* TipCalculator_13110121.app */ = {isa = PBXFileReference; explicitFileType = wrapper.application; includeInIndex = 0; path = TipCalculator_13110121.app; sourceTree = BUILT_PRODUCTS_DIR; };
		595CC4571EE0549C00FDD9F2 /* AppDelegate.swift */ = {isa = PBXFileReference; lastKnownFileType = sourcecode.swift; path = AppDelegate.swift; sourceTree = "<group>"; };
		595CC4591EE0549C00FDD9F2 /* ViewController.swift */ = {isa = PBXFileReference; lastKnownFileType = sourcecode.swift; path = ViewController.swift; sourceTree = "<group>"; };
		595CC45C1EE0549C00FDD9F2 /* Base */ = {isa = PBXFileReference; lastKnownFileType = file.storyboard; name = Base; path = Base.lproj/Main.storyboard; sourceTree = "<group>"; };
		595CC45F1EE0549C00FDD9F2 /* TipCalculator_13110121.xcdatamodel */ = {isa = PBXFileReference; lastKnownFileType = wrapper.xcdatamodel; path = TipCalculator_13110121.xcdatamodel; sourceTree = "<group>"; };
		595CC4611EE0549D00FDD9F2 /* Assets.xcassets */ = {isa = PBXFileReference; lastKnownFileType = folder.assetcatalog; path = Assets.xcassets; sourceTree = "<group>"; };
		595CC4641EE0549D00FDD9F2 /* Base */ = {isa = PBXFileReference; lastKnownFileType = file.storyboard; name = Base; path = Base.lproj/LaunchScreen.storyboard; sourceTree = "<group>"; };
		595CC4661EE0549D00FDD9F2 /* Info.plist */ = {isa = PBXFileReference; lastKnownFileType = text.plist.xml; path = Info.plist; sourceTree = "<group>"; };
		595CC46B1EE0549E00FDD9F2 /* TipCalculator_13110121Tests.xctest */ = {isa = PBXFileReference; explicitFileType = wrapper.cfbundle; includeInIndex = 0; path = TipCalculator_13110121Tests.xctest; sourceTree = BUILT_PRODUCTS_DIR; };
		595CC46F1EE0549E00FDD9F2 /* TipCalculator_13110121Tests.swift */ = {isa = PBXFileReference; lastKnownFileType = sourcecode.swift; path = TipCalculator_13110121Tests.swift; sourceTree = "<group>"; };
		595CC4711EE0549E00FDD9F2 /* Info.plist */ = {isa = PBXFileReference; lastKnownFileType = text.plist.xml; path = Info.plist; sourceTree = "<group>"; };
		595CC4761EE0549E00FDD9F2 /* TipCalculator_13110121UITests.xctest */ = {isa = PBXFileReference; explicitFileType = wrapper.cfbundle; includeInIndex = 0; path = TipCalculator_13110121UITests.xctest; sourceTree = BUILT_PRODUCTS_DIR; };
		595CC47A1EE0549E00FDD9F2 /* TipCalculator_13110121UITests.swift */ = {isa = PBXFileReference; lastKnownFileType = sourcecode.swift; path = TipCalculator_13110121UITests.swift; sourceTree = "<group>"; };
		595CC47C1EE0549E00FDD9F2 /* Info.plist */ = {isa = PBXFileReference; lastKnownFileType = text.plist.xml; path = Info.plist; sourceTree = "<group>"; };
/* End PBXFileReference section */

/* Begin PBXFrameworksBuildPhase section */
		595CC4511EE0549C00FDD9F2 /* Frameworks */ = {
			isa = PBXFrameworksBuildPhase;
			buildActionMask = 2147483647;
			files = (
			);
			runOnlyForDeploymentPostprocessing = 0;
		};
		595CC4681EE0549E00FDD9F2 /* Frameworks */ = {
			isa = PBXFrameworksBuildPhase;
			buildActionMask = 2147483647;
			files = (
			);
			runOnlyForDeploymentPostprocessing = 0;
		};
		595CC4731EE0549E00FDD9F2 /* Frameworks */ = {
			isa = PBXFrameworksBuildPhase;
			buildActionMask = 2147483647;
			files = (
			);
			runOnlyForDeploymentPostprocessing = 0;
		};
/* End PBXFrameworksBuildPhase section */

/* Begin PBXGroup section */
		595CC44B1EE0549C00FDD9F2 = {
			isa = PBXGroup;
			children = (
				595CC4561EE0549C00FDD9F2 /* TipCalculator_13110121 */,
				595CC46E1EE0549E00FDD9F2 /* TipCalculator_13110121Tests */,
				595CC4791EE0549E00FDD9F2 /* TipCalculator_13110121UITests */,
				595CC4551EE0549C00FDD9F2 /* Products */,
			);
			sourceTree = "<group>";
		};
		595CC4551EE0549C00FDD9F2 /* Products */ = {
			isa = PBXGroup;
			children = (
				595CC4541EE0549C00FDD9F2 /* TipCalculator_13110121.app */,
				595CC46B1EE0549E00FDD9F2 /* TipCalculator_13110121Tests.xctest */,
				595CC4761EE0549E00FDD9F2 /* TipCalculator_13110121UITests.xctest */,
			);
			name = Products;
			sourceTree = "<group>";
		};
		595CC4561EE0549C00FDD9F2 /* TipCalculator_13110121 */ = {
			isa = PBXGroup;
			children = (
				595CC4571EE0549C00FDD9F2 /* AppDelegate.swift */,
				595CC4591EE0549C00FDD9F2 /* ViewController.swift */,
				595CC45B1EE0549C00FDD9F2 /* Main.storyboard */,
				595CC4611EE0549D00FDD9F2 /* Assets.xcassets */,
				595CC4631EE0549D00FDD9F2 /* LaunchScreen.storyboard */,
				595CC4661EE0549D00FDD9F2 /* Info.plist */,
				595CC45E1EE0549C00FDD9F2 /* TipCalculator_13110121.xcdatamodeld */,
			);
			path = TipCalculator_13110121;
			sourceTree = "<group>";
		};
		595CC46E1EE0549E00FDD9F2 /* TipCalculator_13110121Tests */ = {
			isa = PBXGroup;
			children = (
				595CC46F1EE0549E00FDD9F2 /* TipCalculator_13110121Tests.swift */,
				595CC4711EE0549E00FDD9F2 /* Info.plist */,
			);
			path = TipCalculator_13110121Tests;
			sourceTree = "<group>";
		};
		595CC4791EE0549E00FDD9F2 /* TipCalculator_13110121UITests */ = {
			isa = PBXGroup;
			children = (
				595CC47A1EE0549E00FDD9F2 /* TipCalculator_13110121UITests.swift */,
				595CC47C1EE0549E00FDD9F2 /* Info.plist */,
			);
			path = TipCalculator_13110121UITests;
			sourceTree = "<group>";
		};
/* End PBXGroup section */

/* Begin PBXNativeTarget section */
		595CC4531EE0549C00FDD9F2 /* TipCalculator_13110121 */ = {
			isa = PBXNativeTarget;
			buildConfigurationList = 595CC47F1EE0549E00FDD9F2 /* Build configuration list for PBXNativeTarget "TipCalculator_13110121" */;
			buildPhases = (
				595CC4501EE0549C00FDD9F2 /* Sources */,
				595CC4511EE0549C00FDD9F2 /* Frameworks */,
				595CC4521EE0549C00FDD9F2 /* Resources */,
			);
			buildRules = (
			);
			dependencies = (
			);
			name = TipCalculator_13110121;
			productName = TipCalculator_13110121;
			productReference = 595CC4541EE0549C00FDD9F2 /* TipCalculator_13110121.app */;
			productType = "com.apple.product-type.application";
		};
		595CC46A1EE0549E00FDD9F2 /* TipCalculator_13110121Tests */ = {
			isa = PBXNativeTarget;
			buildConfigurationList = 595CC4821EE0549E00FDD9F2 /* Build configuration list for PBXNativeTarget "TipCalculator_13110121Tests" */;
			buildPhases = (
				595CC4671EE0549E00FDD9F2 /* Sources */,
				595CC4681EE0549E00FDD9F2 /* Frameworks */,
				595CC4691EE0549E00FDD9F2 /* Resources */,
			);
			buildRules = (
			);
			dependencies = (
				595CC46D1EE0549E00FDD9F2 /* PBXTargetDependency */,
			);
			name = TipCalculator_13110121Tests;
			productName = TipCalculator_13110121Tests;
			productReference = 595CC46B1EE0549E00FDD9F2 /* TipCalculator_13110121Tests.xctest */;
			productType = "com.apple.product-type.bundle.unit-test";
		};
		595CC4751EE0549E00FDD9F2 /* TipCalculator_13110121UITests */ = {
			isa = PBXNativeTarget;
			buildConfigurationList = 595CC4851EE0549E00FDD9F2 /* Build configuration list for PBXNativeTarget "TipCalculator_13110121UITests" */;
			buildPhases = (
				595CC4721EE0549E00FDD9F2 /* Sources */,
				595CC4731EE0549E00FDD9F2 /* Frameworks */,
				595CC4741EE0549E00FDD9F2 /* Resources */,
			);
			buildRules = (
			);
			dependencies = (
				595CC4781EE0549E00FDD9F2 /* PBXTargetDependency */,
			);
			name = TipCalculator_13110121UITests;
			productName = TipCalculator_13110121UITests;
			productReference = 595CC4761EE0549E00FDD9F2 /* TipCalculator_13110121UITests.xctest */;
			productType = "com.apple.product-type.bundle.ui-testing";
		};
/* End PBXNativeTarget section */

/* Begin PBXProject section */
		595CC44C1EE0549C00FDD9F2 /* Project object */ = {
			isa = PBXProject;
			attributes = {
				LastSwiftUpdateCheck = 0830;
				LastUpgradeCheck = 0830;
				ORGANIZATIONNAME = "Pham Huu Nhu";
				TargetAttributes = {
					595CC4531EE0549C00FDD9F2 = {
						CreatedOnToolsVersion = 8.3.2;
						ProvisioningStyle = Automatic;
					};
					595CC46A1EE0549E00FDD9F2 = {
						CreatedOnToolsVersion = 8.3.2;
						ProvisioningStyle = Automatic;
						TestTargetID = 595CC4531EE0549C00FDD9F2;
					};
					595CC4751EE0549E00FDD9F2 = {
						CreatedOnToolsVersion = 8.3.2;
						ProvisioningStyle = Automatic;
						TestTargetID = 595CC4531EE0549C00FDD9F2;
					};
				};
			};
			buildConfigurationList = 595CC44F1EE0549C00FDD9F2 /* Build configuration list for PBXProject "TipCalculator_13110121" */;
			compatibilityVersion = "Xcode 3.2";
			developmentRegion = English;
			hasScannedForEncodings = 0;
			knownRegions = (
				en,
				Base,
			);
			mainGroup = 595CC44B1EE0549C00FDD9F2;
			productRefGroup = 595CC4551EE0549C00FDD9F2 /* Products */;
			projectDirPath = "";
			projectRoot = "";
			targets = (
				595CC4531EE0549C00FDD9F2 /* TipCalculator_13110121 */,
				595CC46A1EE0549E00FDD9F2 /* TipCalculator_13110121Tests */,
				595CC4751EE0549E00FDD9F2 /* TipCalculator_13110121UITests */,
			);
		};
/* End PBXProject section */

/* Begin PBXResourcesBuildPhase section */
		595CC4521EE0549C00FDD9F2 /* Resources */ = {
			isa = PBXResourcesBuildPhase;
			buildActionMask = 2147483647;
			files = (
				595CC4651EE0549D00FDD9F2 /* LaunchScreen.storyboard in Resources */,
				595CC4621EE0549D00FDD9F2 /* Assets.xcassets in Resources */,
				595CC45D1EE0549C00FDD9F2 /* Main.storyboard in Resources */,
			);
			runOnlyForDeploymentPostprocessing = 0;
		};
		595CC4691EE0549E00FDD9F2 /* Resources */ = {
			isa = PBXResourcesBuildPhase;
			buildActionMask = 2147483647;
			files = (
			);
			runOnlyForDeploymentPostprocessing = 0;
		};
		595CC4741EE0549E00FDD9F2 /* Resources */ = {
			isa = PBXResourcesBuildPhase;
			buildActionMask = 2147483647;
			files = (
			);
			runOnlyForDeploymentPostprocessing = 0;
		};
/* End PBXResourcesBuildPhase section */

/* Begin PBXSourcesBuildPhase section */
		595CC4501EE0549C00FDD9F2 /* Sources */ = {
			isa = PBXSourcesBuildPhase;
			buildActionMask = 2147483647;
			files = (
				595CC45A1EE0549C00FDD9F2 /* ViewController.swift in Sources */,
				595CC4601EE0549C00FDD9F2 /* TipCalculator_13110121.xcdatamodeld in Sources */,
				595CC4581EE0549C00FDD9F2 /* AppDelegate.swift in Sources */,
			);
			runOnlyForDeploymentPostprocessing = 0;
		};
		595CC4671EE0549E00FDD9F2 /* Sources */ = {
			isa = PBXSourcesBuildPhase;
			buildActionMask = 2147483647;
			files = (
				595CC4701EE0549E00FDD9F2 /* TipCalculator_13110121Tests.swift in Sources */,
			);
			runOnlyForDeploymentPostprocessing = 0;
		};
		595CC4721EE0549E00FDD9F2 /* Sources */ = {
			isa = PBXSourcesBuildPhase;
			buildActionMask = 2147483647;
			files = (
				595CC47B1EE0549E00FDD9F2 /* TipCalculator_13110121UITests.swift in Sources */,
			);
			runOnlyForDeploymentPostprocessing = 0;
		};
/* End PBXSourcesBuildPhase section */

/* Begin PBXTargetDependency section */
		595CC46D1EE0549E00FDD9F2 /* PBXTargetDependency */ = {
			isa = PBXTargetDependency;
			target = 595CC4531EE0549C00FDD9F2 /* TipCalculator_13110121 */;
			targetProxy = 595CC46C1EE0549E00FDD9F2 /* PBXContainerItemProxy */;
		};
		595CC4781EE0549E00FDD9F2 /* PBXTargetDependency */ = {
			isa = PBXTargetDependency;
			target = 595CC4531EE0549C00FDD9F2 /* TipCalculator_13110121 */;
			targetProxy = 595CC4771EE0549E00FDD9F2 /* PBXContainerItemProxy */;
		};
/* End PBXTargetDependency section */

/* Begin PBXVariantGroup section */
		595CC45B1EE0549C00FDD9F2 /* Main.storyboard */ = {
			isa = PBXVariantGroup;
			children = (
				595CC45C1EE0549C00FDD9F2 /* Base */,
			);
			name = Main.storyboard;
			sourceTree = "<group>";
		};
		595CC4631EE0549D00FDD9F2 /* LaunchScreen.storyboard */ = {
			isa = PBXVariantGroup;
			children = (
				595CC4641EE0549D00FDD9F2 /* Base */,
			);
			name = LaunchScreen.storyboard;
			sourceTree = "<group>";
		};
/* End PBXVariantGroup section */

/* Begin XCBuildConfiguration section */
		595CC47D1EE0549E00FDD9F2 /* Debug */ = {
			isa = XCBuildConfiguration;
			buildSettings = {
				ALWAYS_SEARCH_USER_PATHS = NO;
				CLANG_ANALYZER_NONNULL = YES;
				CLANG_ANALYZER_NUMBER_OBJECT_CONVERSION = YES_AGGRESSIVE;
				CLANG_CXX_LANGUAGE_STANDARD = "gnu++0x";
				CLANG_CXX_LIBRARY = "libc++";
				CLANG_ENABLE_MODULES = YES;
				CLANG_ENABLE_OBJC_ARC = YES;
				CLANG_WARN_BOOL_CONVERSION = YES;
				CLANG_WARN_CONSTANT_CONVERSION = YES;
				CLANG_WARN_DIRECT_OBJC_ISA_USAGE = YES_ERROR;
				CLANG_WARN_DOCUMENTATION_COMMENTS = YES;
				CLANG_WARN_EMPTY_BODY = YES;
				CLANG_WARN_ENUM_CONVERSION = YES;
				CLANG_WARN_INFINITE_RECURSION = YES;
				CLANG_WARN_INT_CONVERSION = YES;
				CLANG_WARN_OBJC_ROOT_CLASS = YES_ERROR;
				CLANG_WARN_SUSPICIOUS_MOVE = YES;
				CLANG_WARN_UNREACHABLE_CODE = YES;
				CLANG_WARN__DUPLICATE_METHOD_MATCH = YES;
				"CODE_SIGN_IDENTITY[sdk=iphoneos*]" = "iPhone Developer";
				COPY_PHASE_STRIP = NO;
				DEBUG_INFORMATION_FORMAT = dwarf;
				ENABLE_STRICT_OBJC_MSGSEND = YES;
				ENABLE_TESTABILITY = YES;
				GCC_C_LANGUAGE_STANDARD = gnu99;
				GCC_DYNAMIC_NO_PIC = NO;
				GCC_NO_COMMON_BLOCKS = YES;
				GCC_OPTIMIZATION_LEVEL = 0;
				GCC_PREPROCESSOR_DEFINITIONS = (
					"DEBUG=1",
					"$(inherited)",
				);
				GCC_WARN_64_TO_32_BIT_CONVERSION = YES;
				GCC_WARN_ABOUT_RETURN_TYPE = YES_ERROR;
				GCC_WARN_UNDECLARED_SELECTOR = YES;
				GCC_WARN_UNINITIALIZED_AUTOS = YES_AGGRESSIVE;
				GCC_WARN_UNUSED_FUNCTION = YES;
				GCC_WARN_UNUSED_VARIABLE = YES;
				IPHONEOS_DEPLOYMENT_TARGET = 10.3;
				MTL_ENABLE_DEBUG_INFO = YES;
				ONLY_ACTIVE_ARCH = YES;
				SDKROOT = iphoneos;
				SWIFT_ACTIVE_COMPILATION_CONDITIONS = DEBUG;
				SWIFT_OPTIMIZATION_LEVEL = "-Onone";
				TARGETED_DEVICE_FAMILY = "1,2";
			};
			name = Debug;
		};
		595CC47E1EE0549E00FDD9F2 /* Release */ = {
			isa = XCBuildConfiguration;
			buildSettings = {
				ALWAYS_SEARCH_USER_PATHS = NO;
				CLANG_ANALYZER_NONNULL = YES;
				CLANG_ANALYZER_NUMBER_OBJECT_CONVERSION = YES_AGGRESSIVE;
				CLANG_CXX_LANGUAGE_STANDARD = "gnu++0x";
				CLANG_CXX_LIBRARY = "libc++";
				CLANG_ENABLE_MODULES = YES;
				CLANG_ENABLE_OBJC_ARC = YES;
				CLANG_WARN_BOOL_CONVERSION = YES;
				CLANG_WARN_CONSTANT_CONVERSION = YES;
				CLANG_WARN_DIRECT_OBJC_ISA_USAGE = YES_ERROR;
				CLANG_WARN_DOCUMENTATION_COMMENTS = YES;
				CLANG_WARN_EMPTY_BODY = YES;
				CLANG_WARN_ENUM_CONVERSION = YES;
				CLANG_WARN_INFINITE_RECURSION = YES;
				CLANG_WARN_INT_CONVERSION = YES;
				CLANG_WARN_OBJC_ROOT_CLASS = YES_ERROR;
				CLANG_WARN_SUSPICIOUS_MOVE = YES;
				CLANG_WARN_UNREACHABLE_CODE = YES;
				CLANG_WARN__DUPLICATE_METHOD_MATCH = YES;
				"CODE_SIGN_IDENTITY[sdk=iphoneos*]" = "iPhone Developer";
				COPY_PHASE_STRIP = NO;
				DEBUG_INFORMATION_FORMAT = "dwarf-with-dsym";
				ENABLE_NS_ASSERTIONS = NO;
				ENABLE_STRICT_OBJC_MSGSEND = YES;
				GCC_C_LANGUAGE_STANDARD = gnu99;
				GCC_NO_COMMON_BLOCKS = YES;
				GCC_WARN_64_TO_32_BIT_CONVERSION = YES;
				GCC_WARN_ABOUT_RETURN_TYPE = YES_ERROR;
				GCC_WARN_UNDECLARED_SELECTOR = YES;
				GCC_WARN_UNINITIALIZED_AUTOS = YES_AGGRESSIVE;
				GCC_WARN_UNUSED_FUNCTION = YES;
				GCC_WARN_UNUSED_VARIABLE = YES;
				IPHONEOS_DEPLOYMENT_TARGET = 10.3;
				MTL_ENABLE_DEBUG_INFO = NO;
				SDKROOT = iphoneos;
				SWIFT_OPTIMIZATION_LEVEL = "-Owholemodule";
				TARGETED_DEVICE_FAMILY = "1,2";
				VALIDATE_PRODUCT = YES;
			};
			name = Release;
		};
		595CC4801EE0549E00FDD9F2 /* Debug */ = {
			isa = XCBuildConfiguration;
			buildSettings = {
				ASSETCATALOG_COMPILER_APPICON_NAME = AppIcon;
				INFOPLIST_FILE = TipCalculator_13110121/Info.plist;
				LD_RUNPATH_SEARCH_PATHS = "$(inherited) @executable_path/Frameworks";
				PRODUCT_BUNDLE_IDENTIFIER = "NhuPham-13110121.TipCalculator-13110121";
				PRODUCT_NAME = "$(TARGET_NAME)";
				SWIFT_VERSION = 3.0;
			};
			name = Debug;
		};
		595CC4811EE0549E00FDD9F2 /* Release */ = {
			isa = XCBuildConfiguration;
			buildSettings = {
				ASSETCATALOG_COMPILER_APPICON_NAME = AppIcon;
				INFOPLIST_FILE = TipCalculator_13110121/Info.plist;
				LD_RUNPATH_SEARCH_PATHS = "$(inherited) @executable_path/Frameworks";
				PRODUCT_BUNDLE_IDENTIFIER = "NhuPham-13110121.TipCalculator-13110121";
				PRODUCT_NAME = "$(TARGET_NAME)";
				SWIFT_VERSION = 3.0;
			};
			name = Release;
		};
		595CC4831EE0549E00FDD9F2 /* Debug */ = {
			isa = XCBuildConfiguration;
			buildSettings = {
				ALWAYS_EMBED_SWIFT_STANDARD_LIBRARIES = YES;
				BUNDLE_LOADER = "$(TEST_HOST)";
				INFOPLIST_FILE = TipCalculator_13110121Tests/Info.plist;
				LD_RUNPATH_SEARCH_PATHS = "$(inherited) @executable_path/Frameworks @loader_path/Frameworks";
				PRODUCT_BUNDLE_IDENTIFIER = "NhuPham-13110121.TipCalculator-13110121Tests";
				PRODUCT_NAME = "$(TARGET_NAME)";
				SWIFT_VERSION = 3.0;
				TEST_HOST = "$(BUILT_PRODUCTS_DIR)/TipCalculator_13110121.app/TipCalculator_13110121";
			};
			name = Debug;
		};
		595CC4841EE0549E00FDD9F2 /* Release */ = {
			isa = XCBuildConfiguration;
			buildSettings = {
				ALWAYS_EMBED_SWIFT_STANDARD_LIBRARIES = YES;
				BUNDLE_LOADER = "$(TEST_HOST)";
				INFOPLIST_FILE = TipCalculator_13110121Tests/Info.plist;
				LD_RUNPATH_SEARCH_PATHS = "$(inherited) @executable_path/Frameworks @loader_path/Frameworks";
				PRODUCT_BUNDLE_IDENTIFIER = "NhuPham-13110121.TipCalculator-13110121Tests";
				PRODUCT_NAME = "$(TARGET_NAME)";
				SWIFT_VERSION = 3.0;
				TEST_HOST = "$(BUILT_PRODUCTS_DIR)/TipCalculator_13110121.app/TipCalculator_13110121";
			};
			name = Release;
		};
		595CC4861EE0549E00FDD9F2 /* Debug */ = {
			isa = XCBuildConfiguration;
			buildSettings = {
				ALWAYS_EMBED_SWIFT_STANDARD_LIBRARIES = YES;
				INFOPLIST_FILE = TipCalculator_13110121UITests/Info.plist;
				LD_RUNPATH_SEARCH_PATHS = "$(inherited) @executable_path/Frameworks @loader_path/Frameworks";
				PRODUCT_BUNDLE_IDENTIFIER = "NhuPham-13110121.TipCalculator-13110121UITests";
				PRODUCT_NAME = "$(TARGET_NAME)";
				SWIFT_VERSION = 3.0;
				TEST_TARGET_NAME = TipCalculator_13110121;
			};
			name = Debug;
		};
		595CC4871EE0549E00FDD9F2 /* Release */ = {
			isa = XCBuildConfiguration;
			buildSettings = {
				ALWAYS_EMBED_SWIFT_STANDARD_LIBRARIES = YES;
				INFOPLIST_FILE = TipCalculator_13110121UITests/Info.plist;
				LD_RUNPATH_SEARCH_PATHS = "$(inherited) @executable_path/Frameworks @loader_path/Frameworks";
				PRODUCT_BUNDLE_IDENTIFIER = "NhuPham-13110121.TipCalculator-13110121UITests";
				PRODUCT_NAME = "$(TARGET_NAME)";
				SWIFT_VERSION = 3.0;
				TEST_TARGET_NAME = TipCalculator_13110121;
			};
			name = Release;
		};
/* End XCBuildConfiguration section */

/* Begin XCConfigurationList section */
		595CC44F1EE0549C00FDD9F2 /* Build configuration list for PBXProject "TipCalculator_13110121" */ = {
			isa = XCConfigurationList;
			buildConfigurations = (
				595CC47D1EE0549E00FDD9F2 /* Debug */,
				595CC47E1EE0549E00FDD9F2 /* Release */,
			);
			defaultConfigurationIsVisible = 0;
			defaultConfigurationName = Release;
		};
		595CC47F1EE0549E00FDD9F2 /* Build configuration list for PBXNativeTarget "TipCalculator_13110121" */ = {
			isa = XCConfigurationList;
			buildConfigurations = (
				595CC4801EE0549E00FDD9F2 /* Debug */,
				595CC4811EE0549E00FDD9F2 /* Release */,
			);
			defaultConfigurationIsVisible = 0;
		};
		595CC4821EE0549E00FDD9F2 /* Build configuration list for PBXNativeTarget "TipCalculator_13110121Tests" */ = {
			isa = XCConfigurationList;
			buildConfigurations = (
				595CC4831EE0549E00FDD9F2 /* Debug */,
				595CC4841EE0549E00FDD9F2 /* Release */,
			);
			defaultConfigurationIsVisible = 0;
		};
		595CC4851EE0549E00FDD9F2 /* Build configuration list for PBXNativeTarget "TipCalculator_13110121UITests" */ = {
			isa = XCConfigurationList;
			buildConfigurations = (
				595CC4861EE0549E00FDD9F2 /* Debug */,
				595CC4871EE0549E00FDD9F2 /* Release */,
			);
			defaultConfigurationIsVisible = 0;
		};
/* End XCConfigurationList section */

/* Begin XCVersionGroup section */
		595CC45E1EE0549C00FDD9F2 /* TipCalculator_13110121.xcdatamodeld */ = {
			isa = XCVersionGroup;
			children = (
				595CC45F1EE0549C00FDD9F2 /* TipCalculator_13110121.xcdatamodel */,
			);
			currentVersion = 595CC45F1EE0549C00FDD9F2 /* TipCalculator_13110121.xcdatamodel */;
			path = TipCalculator_13110121.xcdatamodeld;
			sourceTree = "<group>";
			versionGroupType = wrapper.xcdatamodel;
		};
/* End XCVersionGroup section */
	};
	rootObject = 595CC44C1EE0549C00FDD9F2 /* Project object */;
}
